
Microsoft Visual Studio Solution File, Format Version 12.00
# Visual Studio Version 17
VisualStudioVersion = 17.7.34031.279
MinimumVisualStudioVersion = 10.0.40219.1
Project("{FAE04EC0-301F-11D3-BF4B-00C04F79EFBC}") = "AuthDemo", "AuthDemo\AuthDemo.csproj", "{164B5D53-1253-44ED-A9EA-00C30AA0F6E2}"
EndProject
Global
	GlobalSection(SolutionConfigurationPlatforms) = preSolution
		Debug|Any CPU = Debug|Any CPU
		Release|Any CPU = Release|Any CPU
	EndGlobalSection
	GlobalSection(ProjectConfigurationPlatforms) = postSolution
		{164B5D53-1253-44ED-A9EA-00C30AA0F6E2}.Debug|Any CPU.ActiveCfg = Debug|Any CPU
		{164B5D53-1253-44ED-A9EA-00C30AA0F6E2}.Debug|Any CPU.Build.0 = Debug|Any CPU
		{164B5D53-1253-44ED-A9EA-00C30AA0F6E2}.Release|Any CPU.ActiveCfg = Release|Any CPU
		{164B5D53-1253-44ED-A9EA-00C30AA0F6E2}.Release|Any CPU.Build.0 = Release|Any CPU
	EndGlobalSection
	GlobalSection(SolutionProperties) = preSolution
		HideSolutionNode = FALSE
	EndGlobalSection
	GlobalSection(ExtensibilityGlobals) = postSolution
		SolutionGuid = {9341B93E-1A31-40FA-8DF3-F9CF07DBABC2}
	EndGlobalSection
EndGlobal
